imports:
- name: github.com/dghubble/sling
  version: eb56e89ac5088bebb12eef3cb4b293300f43608b
- name: github.com/google/go-querystring
  version: 53e6ce116135b80d037921a7fdd5138cf32d7a8a
  subpackages:
  - query
testImports:
- name: github.com/smartystreets/assertions
  version: 26acb9229f421449ac63d014995b282d59261a8b
  subpackages:
  - internal/go-render/render
  - internal/oglematchers
- name: github.com/smartystreets/gunit
  version: 565762fde302ff41b49ec296a65a6a4add3c88d5
